{
    "name": "sentry-telegram-webhook",
    "version": "1.0.0",
    "lockfileVersion": 3,
    "requires": true,
    "packages": {
        "": {
            "name": "sentry-telegram-webhook",
            "version": "1.0.0",
            "license": "MIT",
            "dependencies": {
                "@hono/node-server": "^1.13.3",
                "hono": "^4.6.8",
                "hono-pino": "^0.4.0",
                "pino": "^9.5.0",
                "zod": "^3.23.8"
            },
            "devDependencies": {
                "@biomejs/biome": "^1.9.4",
                "@types/node": "^22.8.4",
                "dotenv": "^17.2.1",
                "typescript": "^5.6.3"
            }
        },
        "node_modules/@biomejs/biome": {
            "version": "1.9.4",
            "resolved": "https://npmjs.teknologiumum.com/@biomejs/biome/-/biome-1.9.4.tgz",
            "integrity": "sha512-1rkd7G70+o9KkTn5KLmDYXihGoTaIGO9PIIN2ZB7UJxFrWw04CZHPYiMRjYsaDvVV7hP1dYNRLxSANLaBFGpog==",
            "dev": true,
            "hasInstallScript": true,
            "license": "MIT OR Apache-2.0",
            "bin": {
                "biome": "bin/biome"
            },
            "engines": {
                "node": ">=14.21.3"
            },
            "funding": {
                "type": "opencollective",
                "url": "https://opencollective.com/biome"
            },
            "optionalDependencies": {
                "@biomejs/cli-darwin-arm64": "1.9.4",
                "@biomejs/cli-darwin-x64": "1.9.4",
                "@biomejs/cli-linux-arm64": "1.9.4",
                "@biomejs/cli-linux-arm64-musl": "1.9.4",
                "@biomejs/cli-linux-x64": "1.9.4",
                "@biomejs/cli-linux-x64-musl": "1.9.4",
                "@biomejs/cli-win32-arm64": "1.9.4",
                "@biomejs/cli-win32-x64": "1.9.4"
            }
        },
        "node_modules/@biomejs/cli-darwin-arm64": {
            "version": "1.9.4",
            "resolved": "https://npmjs.teknologiumum.com/@biomejs/cli-darwin-arm64/-/cli-darwin-arm64-1.9.4.tgz",
            "integrity": "sha512-bFBsPWrNvkdKrNCYeAp+xo2HecOGPAy9WyNyB/jKnnedgzl4W4Hb9ZMzYNbf8dMCGmUdSavlYHiR01QaYR58cw==",
            "cpu": [
                "arm64"
            ],
            "dev": true,
            "license": "MIT OR Apache-2.0",
            "optional": true,
            "os": [
                "darwin"
            ],
            "engines": {
                "node": ">=14.21.3"
            }
        },
        "node_modules/@biomejs/cli-darwin-x64": {
            "version": "1.9.4",
            "resolved": "https://npmjs.teknologiumum.com/@biomejs/cli-darwin-x64/-/cli-darwin-x64-1.9.4.tgz",
            "integrity": "sha512-ngYBh/+bEedqkSevPVhLP4QfVPCpb+4BBe2p7Xs32dBgs7rh9nY2AIYUL6BgLw1JVXV8GlpKmb/hNiuIxfPfZg==",
            "cpu": [
                "x64"
            ],
            "dev": true,
            "license": "MIT OR Apache-2.0",
            "optional": true,
            "os": [
                "darwin"
            ],
            "engines": {
                "node": ">=14.21.3"
            }
        },
        "node_modules/@biomejs/cli-linux-arm64": {
            "version": "1.9.4",
            "resolved": "https://npmjs.teknologiumum.com/@biomejs/cli-linux-arm64/-/cli-linux-arm64-1.9.4.tgz",
            "integrity": "sha512-fJIW0+LYujdjUgJJuwesP4EjIBl/N/TcOX3IvIHJQNsAqvV2CHIogsmA94BPG6jZATS4Hi+xv4SkBBQSt1N4/g==",
            "cpu": [
                "arm64"
            ],
            "dev": true,
            "license": "MIT OR Apache-2.0",
            "optional": true,
            "os": [
                "linux"
            ],
            "engines": {
                "node": ">=14.21.3"
            }
        },
        "node_modules/@biomejs/cli-linux-arm64-musl": {
            "version": "1.9.4",
            "resolved": "https://npmjs.teknologiumum.com/@biomejs/cli-linux-arm64-musl/-/cli-linux-arm64-musl-1.9.4.tgz",
            "integrity": "sha512-v665Ct9WCRjGa8+kTr0CzApU0+XXtRgwmzIf1SeKSGAv+2scAlW6JR5PMFo6FzqqZ64Po79cKODKf3/AAmECqA==",
            "cpu": [
                "arm64"
            ],
            "dev": true,
            "license": "MIT OR Apache-2.0",
            "optional": true,
            "os": [
                "linux"
            ],
            "engines": {
                "node": ">=14.21.3"
            }
        },
        "node_modules/@biomejs/cli-linux-x64": {
            "version": "1.9.4",
            "resolved": "https://npmjs.teknologiumum.com/@biomejs/cli-linux-x64/-/cli-linux-x64-1.9.4.tgz",
            "integrity": "sha512-lRCJv/Vi3Vlwmbd6K+oQ0KhLHMAysN8lXoCI7XeHlxaajk06u7G+UsFSO01NAs5iYuWKmVZjmiOzJ0OJmGsMwg==",
            "cpu": [
                "x64"
            ],
            "dev": true,
            "license": "MIT OR Apache-2.0",
            "optional": true,
            "os": [
                "linux"
            ],
            "engines": {
                "node": ">=14.21.3"
            }
        },
        "node_modules/@biomejs/cli-linux-x64-musl": {
            "version": "1.9.4",
            "resolved": "https://npmjs.teknologiumum.com/@biomejs/cli-linux-x64-musl/-/cli-linux-x64-musl-1.9.4.tgz",
            "integrity": "sha512-gEhi/jSBhZ2m6wjV530Yy8+fNqG8PAinM3oV7CyO+6c3CEh16Eizm21uHVsyVBEB6RIM8JHIl6AGYCv6Q6Q9Tg==",
            "cpu": [
                "x64"
            ],
            "dev": true,
            "license": "MIT OR Apache-2.0",
            "optional": true,
            "os": [
                "linux"
            ],
            "engines": {
                "node": ">=14.21.3"
            }
        },
        "node_modules/@biomejs/cli-win32-arm64": {
            "version": "1.9.4",
            "resolved": "https://npmjs.teknologiumum.com/@biomejs/cli-win32-arm64/-/cli-win32-arm64-1.9.4.tgz",
            "integrity": "sha512-tlbhLk+WXZmgwoIKwHIHEBZUwxml7bRJgk0X2sPyNR3S93cdRq6XulAZRQJ17FYGGzWne0fgrXBKpl7l4M87Hg==",
            "cpu": [
                "arm64"
            ],
            "dev": true,
            "license": "MIT OR Apache-2.0",
            "optional": true,
            "os": [
                "win32"
            ],
            "engines": {
                "node": ">=14.21.3"
            }
        },
        "node_modules/@biomejs/cli-win32-x64": {
            "version": "1.9.4",
            "resolved": "https://npmjs.teknologiumum.com/@biomejs/cli-win32-x64/-/cli-win32-x64-1.9.4.tgz",
            "integrity": "sha512-8Y5wMhVIPaWe6jw2H+KlEm4wP/f7EW3810ZLmDlrEEy5KvBsb9ECEfu/kMWD484ijfQ8+nIi0giMgu9g1UAuuA==",
            "cpu": [
                "x64"
            ],
            "dev": true,
            "license": "MIT OR Apache-2.0",
            "optional": true,
            "os": [
                "win32"
            ],
            "engines": {
                "node": ">=14.21.3"
            }
        },
        "node_modules/@hono/node-server": {
            "version": "1.13.3",
            "resolved": "https://registry.npmjs.org/@hono/node-server/-/node-server-1.13.3.tgz",
            "integrity": "sha512-tEo3hcyQ6chvSnJ3tKzfX4z2sd7Q+ZkBwwBdW1Ya8Mz29dukxC2xcWiB/lAMwGJrYMW8QTgknIsLu1AsnMBe7A==",
            "license": "MIT",
            "engines": {
                "node": ">=18.14.1"
            },
            "peerDependencies": {
                "hono": "^4"
            }
        },
        "node_modules/@types/node": {
            "version": "22.8.4",
            "resolved": "https://registry.npmjs.org/@types/node/-/node-22.8.4.tgz",
            "integrity": "sha512-SpNNxkftTJOPk0oN+y2bIqurEXHTA2AOZ3EJDDKeJ5VzkvvORSvmQXGQarcOzWV1ac7DCaPBEdMDxBsM+d8jWw==",
            "dev": true,
            "license": "MIT",
            "dependencies": {
                "undici-types": "~6.19.8"
            }
        },
        "node_modules/atomic-sleep": {
            "version": "1.0.0",
            "resolved": "https://registry.npmjs.org/atomic-sleep/-/atomic-sleep-1.0.0.tgz",
            "integrity": "sha512-kNOjDqAh7px0XWNI+4QbzoiR/nTkHAWNud2uvnJquD1/x5a7EQZMJT0AczqK0Qn67oY/TTQ1LbUKajZpp3I9tQ==",
            "license": "MIT",
            "engines": {
                "node": ">=8.0.0"
            }
        },
        "node_modules/defu": {
            "version": "6.1.4",
            "resolved": "https://registry.npmjs.org/defu/-/defu-6.1.4.tgz",
            "integrity": "sha512-mEQCMmwJu317oSz8CwdIOdwf3xMif1ttiM8LTufzc3g6kR+9Pe236twL8j3IYT1F7GfRgGcW6MWxzZjLIkuHIg==",
            "license": "MIT"
        },
        "node_modules/dotenv": {
            "version": "17.2.1",
            "resolved": "https://registry.npmjs.org/dotenv/-/dotenv-17.2.1.tgz",
            "integrity": "sha512-kQhDYKZecqnM0fCnzI5eIv5L4cAe/iRI+HqMbO/hbRdTAeXDG+M9FjipUxNfbARuEg4iHIbhnhs78BCHNbSxEQ==",
            "dev": true,
            "license": "BSD-2-Clause",
            "engines": {
                "node": ">=12"
            },
            "funding": {
                "url": "https://dotenvx.com"
            }
        },
        "node_modules/fast-redact": {
            "version": "3.5.0",
            "resolved": "https://registry.npmjs.org/fast-redact/-/fast-redact-3.5.0.tgz",
            "integrity": "sha512-dwsoQlS7h9hMeYUq1W++23NDcBLV4KqONnITDV9DjfS3q1SgDGVrBdvvTLUotWtPSD7asWDV9/CmsZPy8Hf70A==",
            "license": "MIT",
            "engines": {
                "node": ">=6"
            }
        },
        "node_modules/hono": {
            "version": "4.6.8",
            "resolved": "https://registry.npmjs.org/hono/-/hono-4.6.8.tgz",
            "integrity": "sha512-f+2Ec9JAzabT61pglDiLJcF/DjiSefZkjCn9bzm1cYLGkD5ExJ3Jnv93ax9h0bn7UPLHF81KktoyjdQfWI2n1Q==",
            "license": "MIT",
            "engines": {
                "node": ">=16.9.0"
            }
        },
        "node_modules/hono-pino": {
            "version": "0.4.0",
            "resolved": "https://registry.npmjs.org/hono-pino/-/hono-pino-0.4.0.tgz",
            "integrity": "sha512-Qcnf0q4K6WAS/HEuQJk/nQwtUUOcnLS3AI5M7ciG2Slf6BdsOPbCGdrBrr2yKsD2MvK18R4injvCv0ddZ/GJ5A==",
            "license": "MIT",
            "dependencies": {
                "defu": "^6.1.4"
            },
            "engines": {
                "node": ">=18"
            },
            "peerDependencies": {
                "hono": ">=4.0.0",
                "pino": ">=7.1.0"
            }
        },
        "node_modules/on-exit-leak-free": {
            "version": "2.1.2",
            "resolved": "https://registry.npmjs.org/on-exit-leak-free/-/on-exit-leak-free-2.1.2.tgz",
            "integrity": "sha512-0eJJY6hXLGf1udHwfNftBqH+g73EU4B504nZeKpz1sYRKafAghwxEJunB2O7rDZkL4PGfsMVnTXZ2EjibbqcsA==",
            "license": "MIT",
            "engines": {
                "node": ">=14.0.0"
            }
        },
        "node_modules/pino": {
            "version": "9.5.0",
            "resolved": "https://registry.npmjs.org/pino/-/pino-9.5.0.tgz",
            "integrity": "sha512-xSEmD4pLnV54t0NOUN16yCl7RIB1c5UUOse5HSyEXtBp+FgFQyPeDutc+Q2ZO7/22vImV7VfEjH/1zV2QuqvYw==",
            "license": "MIT",
            "dependencies": {
                "atomic-sleep": "^1.0.0",
                "fast-redact": "^3.1.1",
                "on-exit-leak-free": "^2.1.0",
                "pino-abstract-transport": "^2.0.0",
                "pino-std-serializers": "^7.0.0",
                "process-warning": "^4.0.0",
                "quick-format-unescaped": "^4.0.3",
                "real-require": "^0.2.0",
                "safe-stable-stringify": "^2.3.1",
                "sonic-boom": "^4.0.1",
                "thread-stream": "^3.0.0"
            },
            "bin": {
                "pino": "bin.js"
            }
        },
        "node_modules/pino-abstract-transport": {
            "version": "2.0.0",
            "resolved": "https://registry.npmjs.org/pino-abstract-transport/-/pino-abstract-transport-2.0.0.tgz",
            "integrity": "sha512-F63x5tizV6WCh4R6RHyi2Ml+M70DNRXt/+HANowMflpgGFMAym/VKm6G7ZOQRjqN7XbGxK1Lg9t6ZrtzOaivMw==",
            "license": "MIT",
            "dependencies": {
                "split2": "^4.0.0"
            }
        },
        "node_modules/pino-std-serializers": {
            "version": "7.0.0",
            "resolved": "https://registry.npmjs.org/pino-std-serializers/-/pino-std-serializers-7.0.0.tgz",
            "integrity": "sha512-e906FRY0+tV27iq4juKzSYPbUj2do2X2JX4EzSca1631EB2QJQUqGbDuERal7LCtOpxl6x3+nvo9NPZcmjkiFA==",
            "license": "MIT"
        },
        "node_modules/process-warning": {
            "version": "4.0.0",
            "resolved": "https://registry.npmjs.org/process-warning/-/process-warning-4.0.0.tgz",
            "integrity": "sha512-/MyYDxttz7DfGMMHiysAsFE4qF+pQYAA8ziO/3NcRVrQ5fSk+Mns4QZA/oRPFzvcqNoVJXQNWNAsdwBXLUkQKw==",
            "license": "MIT"
        },
        "node_modules/quick-format-unescaped": {
            "version": "4.0.4",
            "resolved": "https://registry.npmjs.org/quick-format-unescaped/-/quick-format-unescaped-4.0.4.tgz",
            "integrity": "sha512-tYC1Q1hgyRuHgloV/YXs2w15unPVh8qfu/qCTfhTYamaw7fyhumKa2yGpdSo87vY32rIclj+4fWYQXUMs9EHvg==",
            "license": "MIT"
        },
        "node_modules/real-require": {
            "version": "0.2.0",
            "resolved": "https://registry.npmjs.org/real-require/-/real-require-0.2.0.tgz",
            "integrity": "sha512-57frrGM/OCTLqLOAh0mhVA9VBMHd+9U7Zb2THMGdBUoZVOtGbJzjxsYGDJ3A9AYYCP4hn6y1TVbaOfzWtm5GFg==",
            "license": "MIT",
            "engines": {
                "node": ">= 12.13.0"
            }
        },
        "node_modules/safe-stable-stringify": {
            "version": "2.4.3",
            "resolved": "https://registry.npmjs.org/safe-stable-stringify/-/safe-stable-stringify-2.4.3.tgz",
            "integrity": "sha512-e2bDA2WJT0wxseVd4lsDP4+3ONX6HpMXQa1ZhFQ7SU+GjvORCmShbCMltrtIDfkYhVHrOcPtj+KhmDBdPdZD1g==",
            "engines": {
                "node": ">=10"
            }
        },
        "node_modules/sonic-boom": {
            "version": "4.2.0",
            "resolved": "https://registry.npmjs.org/sonic-boom/-/sonic-boom-4.2.0.tgz",
            "integrity": "sha512-INb7TM37/mAcsGmc9hyyI6+QR3rR1zVRu36B0NeGXKnOOLiZOfER5SA+N7X7k3yUYRzLWafduTDvJAfDswwEww==",
            "license": "MIT",
            "dependencies": {
                "atomic-sleep": "^1.0.0"
            }
        },
        "node_modules/split2": {
            "version": "4.2.0",
            "resolved": "https://registry.npmjs.org/split2/-/split2-4.2.0.tgz",
            "integrity": "sha512-UcjcJOWknrNkF6PLX83qcHM6KHgVKNkV62Y8a5uYDVv9ydGQVwAHMKqHdJje1VTWpljG0WYpCDhrCdAOYH4TWg==",
            "license": "ISC",
            "engines": {
                "node": ">= 10.x"
            }
        },
        "node_modules/thread-stream": {
            "version": "3.1.0",
            "resolved": "https://registry.npmjs.org/thread-stream/-/thread-stream-3.1.0.tgz",
            "integrity": "sha512-OqyPZ9u96VohAyMfJykzmivOrY2wfMSf3C5TtFJVgN+Hm6aj+voFhlK+kZEIv2FBh1X6Xp3DlnCOfEQ3B2J86A==",
            "license": "MIT",
            "dependencies": {
                "real-require": "^0.2.0"
            }
        },
        "node_modules/typescript": {
            "version": "5.6.3",
            "resolved": "https://npmjs.teknologiumum.com/typescript/-/typescript-5.6.3.tgz",
            "integrity": "sha512-hjcS1mhfuyi4WW8IWtjP7brDrG2cuDZukyrYrSauoXGNgx0S7zceP07adYkJycEr56BOUTNPzbInooiN3fn1qw==",
            "dev": true,
            "license": "Apache-2.0",
            "bin": {
                "tsc": "bin/tsc",
                "tsserver": "bin/tsserver"
            },
            "engines": {
                "node": ">=14.17"
            }
        },
        "node_modules/undici-types": {
            "version": "6.19.8",
            "resolved": "https://registry.npmjs.org/undici-types/-/undici-types-6.19.8.tgz",
            "integrity": "sha512-ve2KP6f/JnbPBFyobGHuerC9g1FYGn/F8n1LWTwNxCEzd6IfqTwUQcNXgEtmmQ6DlRrC1hrSrBnCZPokRrDHjw==",
            "dev": true,
            "license": "MIT"
        },
        "node_modules/zod": {
            "version": "3.23.8",
            "resolved": "https://registry.npmjs.org/zod/-/zod-3.23.8.tgz",
            "integrity": "sha512-XBx9AXhXktjUqnepgTiE5flcKIYWi/rme0Eaj+5Y0lftuGBq+jyRu/md4WnuxqgP1ubdpNCsYEYPxrzVHD8d6g==",
            "license": "MIT",
            "funding": {
                "url": "https://github.com/sponsors/colinhacks"
            }
        }
    }
}
